
Microsoft Visual Studio Solution File, Format Version 12.00
# Visual Studio Version 17
VisualStudioVersion = 17.5.33424.131
MinimumVisualStudioVersion = 10.0.40219.1
Project("{8BC9CEB8-8B4A-11D0-8D11-00A0C91BC942}") = "Практична 4", "Практична 4\Практична 4.vcxproj", "{81CFAD9F-8B45-42EA-A2F2-F57CE48D73EE}"
EndProject
Global
	GlobalSection(SolutionConfigurationPlatforms) = preSolution
		Debug|x64 = Debug|x64
		Debug|x86 = Debug|x86
		Release|x64 = Release|x64
		Release|x86 = Release|x86
	EndGlobalSection
	GlobalSection(ProjectConfigurationPlatforms) = postSolution
		{81CFAD9F-8B45-42EA-A2F2-F57CE48D73EE}.Debug|x64.ActiveCfg = Debug|x64
		{81CFAD9F-8B45-42EA-A2F2-F57CE48D73EE}.Debug|x64.Build.0 = Debug|x64
		{81CFAD9F-8B45-42EA-A2F2-F57CE48D73EE}.Debug|x86.ActiveCfg = Debug|Win32
		{81CFAD9F-8B45-42EA-A2F2-F57CE48D73EE}.Debug|x86.Build.0 = Debug|Win32
		{81CFAD9F-8B45-42EA-A2F2-F57CE48D73EE}.Release|x64.ActiveCfg = Release|x64
		{81CFAD9F-8B45-42EA-A2F2-F57CE48D73EE}.Release|x64.Build.0 = Release|x64
		{81CFAD9F-8B45-42EA-A2F2-F57CE48D73EE}.Release|x86.ActiveCfg = Release|Win32
		{81CFAD9F-8B45-42EA-A2F2-F57CE48D73EE}.Release|x86.Build.0 = Release|Win32
	EndGlobalSection
	GlobalSection(SolutionProperties) = preSolution
		HideSolutionNode = FALSE
	EndGlobalSection
	GlobalSection(ExtensibilityGlobals) = postSolution
		SolutionGuid = {919DAD34-0B6C-4285-83CF-A1838EF4BA36}
	EndGlobalSection
EndGlobal
